
Microsoft Visual Studio Solution File, Format Version 12.00
# Visual Studio Version 17
VisualStudioVersion = 17.3.32929.385
MinimumVisualStudioVersion = 10.0.40219.1
Project("{FAE04EC0-301F-11D3-BF4B-00C04F79EFBC}") = "SysZarzGr", "SysZarzGr.csproj", "{6BA9D2BD-F508-4169-BE99-9E6B2975FEF3}"
EndProject
Project("{FAE04EC0-301F-11D3-BF4B-00C04F79EFBC}") = "Interfejs", "..\Interfejs\Interfejs.csproj", "{8901EF7A-EEA1-4F16-86AE-E1AAB84D74F4}"
EndProject
Project("{FAE04EC0-301F-11D3-BF4B-00C04F79EFBC}") = "Testy", "..\Testy\Testy.csproj", "{EDB1BCCE-D561-43C4-87C0-AA91F9124035}"
EndProject
Global
	GlobalSection(SolutionConfigurationPlatforms) = preSolution
		Debug|Any CPU = Debug|Any CPU
		Release|Any CPU = Release|Any CPU
	EndGlobalSection
	GlobalSection(ProjectConfigurationPlatforms) = postSolution
		{6BA9D2BD-F508-4169-BE99-9E6B2975FEF3}.Debug|Any CPU.ActiveCfg = Debug|Any CPU
		{6BA9D2BD-F508-4169-BE99-9E6B2975FEF3}.Debug|Any CPU.Build.0 = Debug|Any CPU
		{6BA9D2BD-F508-4169-BE99-9E6B2975FEF3}.Release|Any CPU.ActiveCfg = Release|Any CPU
		{6BA9D2BD-F508-4169-BE99-9E6B2975FEF3}.Release|Any CPU.Build.0 = Release|Any CPU
		{8901EF7A-EEA1-4F16-86AE-E1AAB84D74F4}.Debug|Any CPU.ActiveCfg = Debug|Any CPU
		{8901EF7A-EEA1-4F16-86AE-E1AAB84D74F4}.Debug|Any CPU.Build.0 = Debug|Any CPU
		{8901EF7A-EEA1-4F16-86AE-E1AAB84D74F4}.Release|Any CPU.ActiveCfg = Release|Any CPU
		{8901EF7A-EEA1-4F16-86AE-E1AAB84D74F4}.Release|Any CPU.Build.0 = Release|Any CPU
		{EDB1BCCE-D561-43C4-87C0-AA91F9124035}.Debug|Any CPU.ActiveCfg = Debug|Any CPU
		{EDB1BCCE-D561-43C4-87C0-AA91F9124035}.Debug|Any CPU.Build.0 = Debug|Any CPU
		{EDB1BCCE-D561-43C4-87C0-AA91F9124035}.Release|Any CPU.ActiveCfg = Release|Any CPU
		{EDB1BCCE-D561-43C4-87C0-AA91F9124035}.Release|Any CPU.Build.0 = Release|Any CPU
	EndGlobalSection
	GlobalSection(SolutionProperties) = preSolution
		HideSolutionNode = FALSE
	EndGlobalSection
	GlobalSection(ExtensibilityGlobals) = postSolution
		SolutionGuid = {6A2ACE2F-592C-4231-A672-C8B684F797B9}
	EndGlobalSection
EndGlobal
